
Microsoft Visual Studio Solution File, Format Version 12.00
# Visual Studio Version 16
VisualStudioVersion = 16.0.31025.194
MinimumVisualStudioVersion = 10.0.40219.1
Project("{9A19103F-16F7-4668-BE54-9A1E7A4F7556}") = "LaundryTime.Test.Unit", "LaundryTime.Test.Unit\LaundryTime.Test.Unit.csproj", "{5B30A723-5807-4F30-B407-0F02BB025784}"
EndProject
Project("{9A19103F-16F7-4668-BE54-9A1E7A4F7556}") = "LaundryTime", "LaundryTime\LaundryTime.csproj", "{8B434052-7E3D-4F17-9D8C-EC10D6DEEB6E}"
EndProject
Global
	GlobalSection(SolutionConfigurationPlatforms) = preSolution
		Debug|Any CPU = Debug|Any CPU
		Release|Any CPU = Release|Any CPU
	EndGlobalSection
	GlobalSection(ProjectConfigurationPlatforms) = postSolution
		{5B30A723-5807-4F30-B407-0F02BB025784}.Debug|Any CPU.ActiveCfg = Debug|Any CPU
		{5B30A723-5807-4F30-B407-0F02BB025784}.Debug|Any CPU.Build.0 = Debug|Any CPU
		{5B30A723-5807-4F30-B407-0F02BB025784}.Release|Any CPU.ActiveCfg = Release|Any CPU
		{5B30A723-5807-4F30-B407-0F02BB025784}.Release|Any CPU.Build.0 = Release|Any CPU
		{8B434052-7E3D-4F17-9D8C-EC10D6DEEB6E}.Debug|Any CPU.ActiveCfg = Debug|Any CPU
		{8B434052-7E3D-4F17-9D8C-EC10D6DEEB6E}.Debug|Any CPU.Build.0 = Debug|Any CPU
		{8B434052-7E3D-4F17-9D8C-EC10D6DEEB6E}.Release|Any CPU.ActiveCfg = Release|Any CPU
		{8B434052-7E3D-4F17-9D8C-EC10D6DEEB6E}.Release|Any CPU.Build.0 = Release|Any CPU
	EndGlobalSection
	GlobalSection(SolutionProperties) = preSolution
		HideSolutionNode = FALSE
	EndGlobalSection
	GlobalSection(ExtensibilityGlobals) = postSolution
		SolutionGuid = {EFD26224-06BF-44A6-A731-2284886771F8}
	EndGlobalSection
EndGlobal
