
Microsoft Visual Studio Solution File, Format Version 12.00
# Visual Studio Version 16
VisualStudioVersion = 16.0.31025.194
MinimumVisualStudioVersion = 10.0.40219.1
Project("{FAE04EC0-301F-11D3-BF4B-00C04F79EFBC}") = "LaundryTimeWebApp", "LaundryTimeWebApp\LaundryTimeWebApp.csproj", "{9B63BE7D-6EA0-4C54-9B02-4743C485984A}"
EndProject
Project("{FAE04EC0-301F-11D3-BF4B-00C04F79EFBC}") = "LaundryTime.Test.Unit", "LaundryTime.Test.Unit\LaundryTime.Test.Unit.csproj", "{5B30A723-5807-4F30-B407-0F02BB025784}"
EndProject
Global
	GlobalSection(SolutionConfigurationPlatforms) = preSolution
		Debug|Any CPU = Debug|Any CPU
		Release|Any CPU = Release|Any CPU
	EndGlobalSection
	GlobalSection(ProjectConfigurationPlatforms) = postSolution
		{9B63BE7D-6EA0-4C54-9B02-4743C485984A}.Debug|Any CPU.ActiveCfg = Debug|Any CPU
		{9B63BE7D-6EA0-4C54-9B02-4743C485984A}.Debug|Any CPU.Build.0 = Debug|Any CPU
		{9B63BE7D-6EA0-4C54-9B02-4743C485984A}.Release|Any CPU.ActiveCfg = Release|Any CPU
		{9B63BE7D-6EA0-4C54-9B02-4743C485984A}.Release|Any CPU.Build.0 = Release|Any CPU
		{5B30A723-5807-4F30-B407-0F02BB025784}.Debug|Any CPU.ActiveCfg = Debug|Any CPU
		{5B30A723-5807-4F30-B407-0F02BB025784}.Debug|Any CPU.Build.0 = Debug|Any CPU
		{5B30A723-5807-4F30-B407-0F02BB025784}.Release|Any CPU.ActiveCfg = Release|Any CPU
		{5B30A723-5807-4F30-B407-0F02BB025784}.Release|Any CPU.Build.0 = Release|Any CPU
	EndGlobalSection
	GlobalSection(SolutionProperties) = preSolution
		HideSolutionNode = FALSE
	EndGlobalSection
	GlobalSection(ExtensibilityGlobals) = postSolution
		SolutionGuid = {EFD26224-06BF-44A6-A731-2284886771F8}
	EndGlobalSection
EndGlobal
